// !$*UTF8*$!
{
	archiveVersion = 1;
	classes = {
	};
	objectVersion = 60;
	objects = {

/* Begin PBXBuildFile section */
		7451FDE72F755D6800C72359 /* Assets.xcassets in Resources */ = {isa = PBXBuildFile; fileRef = 7451FDDC2F755D6800C72359 /* Assets.xcassets */; };
		7451FDE92F755D6800C72359 /* LaunchScreen.storyboard in Resources */ = {isa = PBXBuildFile; fileRef = 7451FDE02F755D6800C72359 /* LaunchScreen.storyboard */; };
		7451FDEA2F755D6800C72359 /* Main.storyboard in Resources */ = {isa = PBXBuildFile; fileRef = 7451FDE22F755D6800C72359 /* Main.storyboard */; };
		7451FDEB2F755D6800C72359 /* BlurredBackgroundView.swift in Sources */ = {isa = PBXBuildFile; fileRef = 7451FDBE2F755D6800C72359 /* BlurredBackgroundView.swift */; };
		7451FDEC2F755D6800C72359 /* CustomTabBar.swift in Sources */ = {isa = PBXBuildFile; fileRef = 7451FDBF2F755D6800C72359 /* CustomTabBar.swift */; };
		7451FDED2F755D6800C72359 /* DetailRow.swift in Sources */ = {isa = PBXBuildFile; fileRef = 7451FDC02F755D6800C72359 /* DetailRow.swift */; };
		7451FDEE2F755D6800C72359 /* EventCard.swift in Sources */ = {isa = PBXBuildFile; fileRef = 7451FDC12F755D6800C72359 /* EventCard.swift */; };
		7451FDEF2F755D6800C72359 /* FilterChip.swift in Sources */ = {isa = PBXBuildFile; fileRef = 7451FDC22F755D6800C72359 /* FilterChip.swift */; };
		7451FDF02F755D6800C72359 /* GameCard.swift in Sources */ = {isa = PBXBuildFile; fileRef = 7451FDC32F755D6800C72359 /* GameCard.swift */; };
		7451FDF12F755D6800C72359 /* SectionHeader.swift in Sources */ = {isa = PBXBuildFile; fileRef = 7451FDC42F755D6800C72359 /* SectionHeader.swift */; };
		7451FDF22F755D6800C72359 /* StatCard.swift in Sources */ = {isa = PBXBuildFile; fileRef = 7451FDC52F755D6800C72359 /* StatCard.swift */; };
		7451FDF32F755D6800C72359 /* TemplateCard.swift in Sources */ = {isa = PBXBuildFile; fileRef = 7451FDC62F755D6800C72359 /* TemplateCard.swift */; };
		7451FDF42F755D6800C72359 /* TimeBox.swift in Sources */ = {isa = PBXBuildFile; fileRef = 7451FDC72F755D6800C72359 /* TimeBox.swift */; };
		7451FDF52F755D6800C72359 /* RaidColors.swift in Sources */ = {isa = PBXBuildFile; fileRef = 7451FDC92F755D6800C72359 /* RaidColors.swift */; };
		7451FDF62F755D6800C72359 /* Achievement.swift in Sources */ = {isa = PBXBuildFile; fileRef = 7451FDCB2F755D6800C72359 /* Achievement.swift */; };
		7451FDF72F755D6800C72359 /* GameEvent.swift in Sources */ = {isa = PBXBuildFile; fileRef = 7451FDCC2F755D6800C72359 /* GameEvent.swift */; };
		7451FDF82F755D6800C72359 /* RaidAlertViewModel.swift in Sources */ = {isa = PBXBuildFile; fileRef = 7451FDCE2F755D6800C72359 /* RaidAlertViewModel.swift */; };
		7451FDF92F755D6800C72359 /* AchievementsView.swift in Sources */ = {isa = PBXBuildFile; fileRef = 7451FDD02F755D6800C72359 /* AchievementsView.swift */; };
		7451FDFA2F755D6800C72359 /* AddEventView.swift in Sources */ = {isa = PBXBuildFile; fileRef = 7451FDD12F755D6800C72359 /* AddEventView.swift */; };
		7451FDFB2F755D6800C72359 /* DashboardView.swift in Sources */ = {isa = PBXBuildFile; fileRef = 7451FDD22F755D6800C72359 /* DashboardView.swift */; };
		7451FDFC2F755D6800C72359 /* EventDetailView.swift in Sources */ = {isa = PBXBuildFile; fileRef = 7451FDD32F755D6800C72359 /* EventDetailView.swift */; };
		7451FDFD2F755D6800C72359 /* GameDetailView.swift in Sources */ = {isa = PBXBuildFile; fileRef = 7451FDD42F755D6800C72359 /* GameDetailView.swift */; };
		7451FDFE2F755D6800C72359 /* GamesView.swift in Sources */ = {isa = PBXBuildFile; fileRef = 7451FDD52F755D6800C72359 /* GamesView.swift */; };
		7451FDFF2F755D6800C72359 /* OnboardingView.swift in Sources */ = {isa = PBXBuildFile; fileRef = 7451FDD62F755D6800C72359 /* OnboardingView.swift */; };
		7451FE002F755D6800C72359 /* SettingsView.swift in Sources */ = {isa = PBXBuildFile; fileRef = 7451FDD72F755D6800C72359 /* SettingsView.swift */; };
		7451FE012F755D6800C72359 /* StatsView.swift in Sources */ = {isa = PBXBuildFile; fileRef = 7451FDD82F755D6800C72359 /* StatsView.swift */; };
		7451FE022F755D6800C72359 /* TemplatesView.swift in Sources */ = {isa = PBXBuildFile; fileRef = 7451FDD92F755D6800C72359 /* TemplatesView.swift */; };
		7451FE032F755D6800C72359 /* AppDelegate.swift in Sources */ = {isa = PBXBuildFile; fileRef = 7451FDDB2F755D6800C72359 /* AppDelegate.swift */; };
		7451FE042F755D6800C72359 /* ContentView.swift in Sources */ = {isa = PBXBuildFile; fileRef = 7451FDDD2F755D6800C72359 /* ContentView.swift */; };
		7451FE052F755D6800C72359 /* RootView.swift in Sources */ = {isa = PBXBuildFile; fileRef = 7451FDE32F755D6800C72359 /* RootView.swift */; };
		7451FE062F755D6800C72359 /* SceneDelegate.swift in Sources */ = {isa = PBXBuildFile; fileRef = 7451FDE42F755D6800C72359 /* SceneDelegate.swift */; };
		7451FE072F755D6800C72359 /* ViewController.swift in Sources */ = {isa = PBXBuildFile; fileRef = 7451FDE52F755D6800C72359 /* ViewController.swift */; };
/* End PBXBuildFile section */

/* Begin PBXFileReference section */
		14DDB22C6C68B2F2BA73F3D9 /* Pods-97RaidAlert.release.xcconfig */ = {isa = PBXFileReference; includeInIndex = 1; lastKnownFileType = text.xcconfig; name = "Pods-97RaidAlert.release.xcconfig"; path = "Target Support Files/Pods-97RaidAlert/Pods-97RaidAlert.release.xcconfig"; sourceTree = "<group>"; };
		70999BB5A9BD152837DBE0CB /* Pods-97RaidAlert.debug.xcconfig */ = {isa = PBXFileReference; includeInIndex = 1; lastKnownFileType = text.xcconfig; name = "Pods-97RaidAlert.debug.xcconfig"; path = "Target Support Files/Pods-97RaidAlert/Pods-97RaidAlert.debug.xcconfig"; sourceTree = "<group>"; };
		744D9FA12F52F2B7002D4719 /* 97RaidAlert.app */ = {isa = PBXFileReference; explicitFileType = wrapper.application; includeInIndex = 0; path = 97RaidAlert.app; sourceTree = BUILT_PRODUCTS_DIR; };
		7451FDBE2F755D6800C72359 /* BlurredBackgroundView.swift */ = {isa = PBXFileReference; lastKnownFileType = sourcecode.swift; path = BlurredBackgroundView.swift; sourceTree = "<group>"; };
		7451FDBF2F755D6800C72359 /* CustomTabBar.swift */ = {isa = PBXFileReference; lastKnownFileType = sourcecode.swift; path = CustomTabBar.swift; sourceTree = "<group>"; };
		7451FDC02F755D6800C72359 /* DetailRow.swift */ = {isa = PBXFileReference; lastKnownFileType = sourcecode.swift; path = DetailRow.swift; sourceTree = "<group>"; };
		7451FDC12F755D6800C72359 /* EventCard.swift */ = {isa = PBXFileReference; lastKnownFileType = sourcecode.swift; path = EventCard.swift; sourceTree = "<group>"; };
		7451FDC22F755D6800C72359 /* FilterChip.swift */ = {isa = PBXFileReference; lastKnownFileType = sourcecode.swift; path = FilterChip.swift; sourceTree = "<group>"; };
		7451FDC32F755D6800C72359 /* GameCard.swift */ = {isa = PBXFileReference; lastKnownFileType = sourcecode.swift; path = GameCard.swift; sourceTree = "<group>"; };
		7451FDC42F755D6800C72359 /* SectionHeader.swift */ = {isa = PBXFileReference; lastKnownFileType = sourcecode.swift; path = SectionHeader.swift; sourceTree = "<group>"; };
		7451FDC52F755D6800C72359 /* StatCard.swift */ = {isa = PBXFileReference; lastKnownFileType = sourcecode.swift; path = StatCard.swift; sourceTree = "<group>"; };
		7451FDC62F755D6800C72359 /* TemplateCard.swift */ = {isa = PBXFileReference; lastKnownFileType = sourcecode.swift; path = TemplateCard.swift; sourceTree = "<group>"; };
		7451FDC72F755D6800C72359 /* TimeBox.swift */ = {isa = PBXFileReference; lastKnownFileType = sourcecode.swift; path = TimeBox.swift; sourceTree = "<group>"; };
		7451FDC92F755D6800C72359 /* RaidColors.swift */ = {isa = PBXFileReference; lastKnownFileType = sourcecode.swift; path = RaidColors.swift; sourceTree = "<group>"; };
		7451FDCB2F755D6800C72359 /* Achievement.swift */ = {isa = PBXFileReference; lastKnownFileType = sourcecode.swift; path = Achievement.swift; sourceTree = "<group>"; };
		7451FDCC2F755D6800C72359 /* GameEvent.swift */ = {isa = PBXFileReference; lastKnownFileType = sourcecode.swift; path = GameEvent.swift; sourceTree = "<group>"; };
		7451FDCE2F755D6800C72359 /* RaidAlertViewModel.swift */ = {isa = PBXFileReference; lastKnownFileType = sourcecode.swift; path = RaidAlertViewModel.swift; sourceTree = "<group>"; };
		7451FDD02F755D6800C72359 /* AchievementsView.swift */ = {isa = PBXFileReference; lastKnownFileType = sourcecode.swift; path = AchievementsView.swift; sourceTree = "<group>"; };
		7451FDD12F755D6800C72359 /* AddEventView.swift */ = {isa = PBXFileReference; lastKnownFileType = sourcecode.swift; path = AddEventView.swift; sourceTree = "<group>"; };
		7451FDD22F755D6800C72359 /* DashboardView.swift */ = {isa = PBXFileReference; lastKnownFileType = sourcecode.swift; path = DashboardView.swift; sourceTree = "<group>"; };
		7451FDD32F755D6800C72359 /* EventDetailView.swift */ = {isa = PBXFileReference; lastKnownFileType = sourcecode.swift; path = EventDetailView.swift; sourceTree = "<group>"; };
		7451FDD42F755D6800C72359 /* GameDetailView.swift */ = {isa = PBXFileReference; lastKnownFileType = sourcecode.swift; path = GameDetailView.swift; sourceTree = "<group>"; };
		7451FDD52F755D6800C72359 /* GamesView.swift */ = {isa = PBXFileReference; lastKnownFileType = sourcecode.swift; path = GamesView.swift; sourceTree = "<group>"; };
		7451FDD62F755D6800C72359 /* OnboardingView.swift */ = {isa = PBXFileReference; lastKnownFileType = sourcecode.swift; path = OnboardingView.swift; sourceTree = "<group>"; };
		7451FDD72F755D6800C72359 /* SettingsView.swift */ = {isa = PBXFileReference; lastKnownFileType = sourcecode.swift; path = SettingsView.swift; sourceTree = "<group>"; };
		7451FDD82F755D6800C72359 /* StatsView.swift */ = {isa = PBXFileReference; lastKnownFileType = sourcecode.swift; path = StatsView.swift; sourceTree = "<group>"; };
		7451FDD92F755D6800C72359 /* TemplatesView.swift */ = {isa = PBXFileReference; lastKnownFileType = sourcecode.swift; path = TemplatesView.swift; sourceTree = "<group>"; };
		7451FDDB2F755D6800C72359 /* AppDelegate.swift */ = {isa = PBXFileReference; lastKnownFileType = sourcecode.swift; path = AppDelegate.swift; sourceTree = "<group>"; };
		7451FDDC2F755D6800C72359 /* Assets.xcassets */ = {isa = PBXFileReference; lastKnownFileType = folder.assetcatalog; path = Assets.xcassets; sourceTree = "<group>"; };
		7451FDDD2F755D6800C72359 /* ContentView.swift */ = {isa = PBXFileReference; lastKnownFileType = sourcecode.swift; path = ContentView.swift; sourceTree = "<group>"; };
		7451FDDE2F755D6800C72359 /* Info.plist */ = {isa = PBXFileReference; lastKnownFileType = text.plist.xml; path = Info.plist; sourceTree = "<group>"; };
		7451FDDF2F755D6800C72359 /* Base */ = {isa = PBXFileReference; lastKnownFileType = file.storyboard; name = Base; path = Base.lproj/LaunchScreen.storyboard; sourceTree = "<group>"; };
		7451FDE12F755D6800C72359 /* Base */ = {isa = PBXFileReference; lastKnownFileType = file.storyboard; name = Base; path = Base.lproj/Main.storyboard; sourceTree = "<group>"; };
		7451FDE32F755D6800C72359 /* RootView.swift */ = {isa = PBXFileReference; lastKnownFileType = sourcecode.swift; path = RootView.swift; sourceTree = "<group>"; };
		7451FDE42F755D6800C72359 /* SceneDelegate.swift */ = {isa = PBXFileReference; lastKnownFileType = sourcecode.swift; path = SceneDelegate.swift; sourceTree = "<group>"; };
		7451FDE52F755D6800C72359 /* ViewController.swift */ = {isa = PBXFileReference; lastKnownFileType = sourcecode.swift; path = ViewController.swift; sourceTree = "<group>"; };
		76AB06B48518B58D3AF1AF70 /* Pods_97RaidAlert.framework */ = {isa = PBXFileReference; explicitFileType = wrapper.framework; includeInIndex = 0; path = Pods_97RaidAlert.framework; sourceTree = BUILT_PRODUCTS_DIR; };
/* End PBXFileReference section */

/* Begin PBXFrameworksBuildPhase section */
		744D9F9E2F52F2B7002D4719 /* Frameworks */ = {
			isa = PBXFrameworksBuildPhase;
			buildActionMask = 2147483647;
			files = (
			);
			runOnlyForDeploymentPostprocessing = 0;
		};
/* End PBXFrameworksBuildPhase section */

/* Begin PBXGroup section */
		167972B0D39C2C276BCD3A0B /* Frameworks */ = {
			isa = PBXGroup;
			children = (
				76AB06B48518B58D3AF1AF70 /* Pods_97RaidAlert.framework */,
			);
			name = Frameworks;
			sourceTree = "<group>";
		};
		3BE22981164CBF308B7C09D2 /* Pods */ = {
			isa = PBXGroup;
			children = (
				70999BB5A9BD152837DBE0CB /* Pods-97RaidAlert.debug.xcconfig */,
				14DDB22C6C68B2F2BA73F3D9 /* Pods-97RaidAlert.release.xcconfig */,
			);
			path = Pods;
			sourceTree = "<group>";
		};
		744D9F982F52F2B7002D4719 = {
			isa = PBXGroup;
			children = (
				7451FDE62F755D6800C72359 /* 97RaidAlert */,
				744D9FA22F52F2B7002D4719 /* Products */,
				3BE22981164CBF308B7C09D2 /* Pods */,
				167972B0D39C2C276BCD3A0B /* Frameworks */,
			);
			sourceTree = "<group>";
		};
		744D9FA22F52F2B7002D4719 /* Products */ = {
			isa = PBXGroup;
			children = (
				744D9FA12F52F2B7002D4719 /* 97RaidAlert.app */,
			);
			name = Products;
			sourceTree = "<group>";
		};
		7451FDC82F755D6800C72359 /* Components */ = {
			isa = PBXGroup;
			children = (
				7451FDBE2F755D6800C72359 /* BlurredBackgroundView.swift */,
				7451FDBF2F755D6800C72359 /* CustomTabBar.swift */,
				7451FDC02F755D6800C72359 /* DetailRow.swift */,
				7451FDC12F755D6800C72359 /* EventCard.swift */,
				7451FDC22F755D6800C72359 /* FilterChip.swift */,
				7451FDC32F755D6800C72359 /* GameCard.swift */,
				7451FDC42F755D6800C72359 /* SectionHeader.swift */,
				7451FDC52F755D6800C72359 /* StatCard.swift */,
				7451FDC62F755D6800C72359 /* TemplateCard.swift */,
				7451FDC72F755D6800C72359 /* TimeBox.swift */,
			);
			path = Components;
			sourceTree = "<group>";
		};
		7451FDCA2F755D6800C72359 /* Extensions */ = {
			isa = PBXGroup;
			children = (
				7451FDC92F755D6800C72359 /* RaidColors.swift */,
			);
			path = Extensions;
			sourceTree = "<group>";
		};
		7451FDCD2F755D6800C72359 /* Models */ = {
			isa = PBXGroup;
			children = (
				7451FDCB2F755D6800C72359 /* Achievement.swift */,
				7451FDCC2F755D6800C72359 /* GameEvent.swift */,
			);
			path = Models;
			sourceTree = "<group>";
		};
		7451FDCF2F755D6800C72359 /* ViewModels */ = {
			isa = PBXGroup;
			children = (
				7451FDCE2F755D6800C72359 /* RaidAlertViewModel.swift */,
			);
			path = ViewModels;
			sourceTree = "<group>";
		};
		7451FDDA2F755D6800C72359 /* Views */ = {
			isa = PBXGroup;
			children = (
				7451FDD02F755D6800C72359 /* AchievementsView.swift */,
				7451FDD12F755D6800C72359 /* AddEventView.swift */,
				7451FDD22F755D6800C72359 /* DashboardView.swift */,
				7451FDD32F755D6800C72359 /* EventDetailView.swift */,
				7451FDD42F755D6800C72359 /* GameDetailView.swift */,
				7451FDD52F755D6800C72359 /* GamesView.swift */,
				7451FDD62F755D6800C72359 /* OnboardingView.swift */,
				7451FDD72F755D6800C72359 /* SettingsView.swift */,
				7451FDD82F755D6800C72359 /* StatsView.swift */,
				7451FDD92F755D6800C72359 /* TemplatesView.swift */,
			);
			path = Views;
			sourceTree = "<group>";
		};
		7451FDE62F755D6800C72359 /* 97RaidAlert */ = {
			isa = PBXGroup;
			children = (
				7451FDC82F755D6800C72359 /* Components */,
				7451FDCA2F755D6800C72359 /* Extensions */,
				7451FDCD2F755D6800C72359 /* Models */,
				7451FDCF2F755D6800C72359 /* ViewModels */,
				7451FDDA2F755D6800C72359 /* Views */,
				7451FDDB2F755D6800C72359 /* AppDelegate.swift */,
				7451FDDC2F755D6800C72359 /* Assets.xcassets */,
				7451FDDD2F755D6800C72359 /* ContentView.swift */,
				7451FDDE2F755D6800C72359 /* Info.plist */,
				7451FDE02F755D6800C72359 /* LaunchScreen.storyboard */,
				7451FDE22F755D6800C72359 /* Main.storyboard */,
				7451FDE32F755D6800C72359 /* RootView.swift */,
				7451FDE42F755D6800C72359 /* SceneDelegate.swift */,
				7451FDE52F755D6800C72359 /* ViewController.swift */,
			);
			path = 97RaidAlert;
			sourceTree = "<group>";
		};
/* End PBXGroup section */

/* Begin PBXNativeTarget section */
		744D9FA02F52F2B7002D4719 /* 97RaidAlert */ = {
			isa = PBXNativeTarget;
			buildConfigurationList = 744D9FB42F52F2B9002D4719 /* Build configuration list for PBXNativeTarget "97RaidAlert" */;
			buildPhases = (
				8A1929F78890FF02BDDEA86C /* [CP] Check Pods Manifest.lock */,
				744D9F9D2F52F2B7002D4719 /* Sources */,
				744D9F9E2F52F2B7002D4719 /* Frameworks */,
				744D9F9F2F52F2B7002D4719 /* Resources */,
			);
			buildRules = (
			);
			dependencies = (
			);
			name = 97RaidAlert;
			productName = 97RaidAlert;
			productReference = 744D9FA12F52F2B7002D4719 /* 97RaidAlert.app */;
			productType = "com.apple.product-type.application";
		};
/* End PBXNativeTarget section */

/* Begin PBXProject section */
		744D9F992F52F2B7002D4719 /* Project object */ = {
			isa = PBXProject;
			attributes = {
				BuildIndependentTargetsInParallel = 1;
				LastSwiftUpdateCheck = 2620;
				LastUpgradeCheck = 2620;
				TargetAttributes = {
					744D9FA02F52F2B7002D4719 = {
						CreatedOnToolsVersion = 26.2;
					};
				};
			};
			buildConfigurationList = 744D9F9C2F52F2B7002D4719 /* Build configuration list for PBXProject "97RaidAlert" */;
			compatibilityVersion = "Xcode 15.0";
			developmentRegion = en;
			hasScannedForEncodings = 0;
			knownRegions = (
				en,
				Base,
			);
			mainGroup = 744D9F982F52F2B7002D4719;
			productRefGroup = 744D9FA22F52F2B7002D4719 /* Products */;
			projectDirPath = "";
			projectRoot = "";
			targets = (
				744D9FA02F52F2B7002D4719 /* 97RaidAlert */,
			);
		};
/* End PBXProject section */

/* Begin PBXResourcesBuildPhase section */
		744D9F9F2F52F2B7002D4719 /* Resources */ = {
			isa = PBXResourcesBuildPhase;
			buildActionMask = 2147483647;
			files = (
				7451FDE72F755D6800C72359 /* Assets.xcassets in Resources */,
				7451FDE92F755D6800C72359 /* LaunchScreen.storyboard in Resources */,
				7451FDEA2F755D6800C72359 /* Main.storyboard in Resources */,
			);
			runOnlyForDeploymentPostprocessing = 0;
		};
/* End PBXResourcesBuildPhase section */

/* Begin PBXShellScriptBuildPhase section */
		8A1929F78890FF02BDDEA86C /* [CP] Check Pods Manifest.lock */ = {
			isa = PBXShellScriptBuildPhase;
			buildActionMask = 2147483647;
			files = (
			);
			inputFileListPaths = (
			);
			inputPaths = (
				"${PODS_PODFILE_DIR_PATH}/Podfile.lock",
				"${PODS_ROOT}/Manifest.lock",
			);
			name = "[CP] Check Pods Manifest.lock";
			outputFileListPaths = (
			);
			outputPaths = (
				"$(DERIVED_FILE_DIR)/Pods-97RaidAlert-checkManifestLockResult.txt",
			);
			runOnlyForDeploymentPostprocessing = 0;
			shellPath = /bin/sh;
			shellScript = "diff \"${PODS_PODFILE_DIR_PATH}/Podfile.lock\" \"${PODS_ROOT}/Manifest.lock\" > /dev/null\nif [ $? != 0 ] ; then\n    # print error to STDERR\n    echo \"error: The sandbox is not in sync with the Podfile.lock. Run 'pod install' or update your CocoaPods installation.\" >&2\n    exit 1\nfi\n# This output is used by Xcode 'outputs' to avoid re-running this script phase.\necho \"SUCCESS\" > \"${SCRIPT_OUTPUT_FILE_0}\"\n";
			showEnvVarsInLog = 0;
		};
/* End PBXShellScriptBuildPhase section */

/* Begin PBXSourcesBuildPhase section */
		744D9F9D2F52F2B7002D4719 /* Sources */ = {
			isa = PBXSourcesBuildPhase;
			buildActionMask = 2147483647;
			files = (
				7451FDEB2F755D6800C72359 /* BlurredBackgroundView.swift in Sources */,
				7451FDEC2F755D6800C72359 /* CustomTabBar.swift in Sources */,
				7451FDED2F755D6800C72359 /* DetailRow.swift in Sources */,
				7451FDEE2F755D6800C72359 /* EventCard.swift in Sources */,
				7451FDEF2F755D6800C72359 /* FilterChip.swift in Sources */,
				7451FDF02F755D6800C72359 /* GameCard.swift in Sources */,
				7451FDF12F755D6800C72359 /* SectionHeader.swift in Sources */,
				7451FDF22F755D6800C72359 /* StatCard.swift in Sources */,
				7451FDF32F755D6800C72359 /* TemplateCard.swift in Sources */,
				7451FDF42F755D6800C72359 /* TimeBox.swift in Sources */,
				7451FDF52F755D6800C72359 /* RaidColors.swift in Sources */,
				7451FDF62F755D6800C72359 /* Achievement.swift in Sources */,
				7451FDF72F755D6800C72359 /* GameEvent.swift in Sources */,
				7451FDF82F755D6800C72359 /* RaidAlertViewModel.swift in Sources */,
				7451FDF92F755D6800C72359 /* AchievementsView.swift in Sources */,
				7451FDFA2F755D6800C72359 /* AddEventView.swift in Sources */,
				7451FDFB2F755D6800C72359 /* DashboardView.swift in Sources */,
				7451FDFC2F755D6800C72359 /* EventDetailView.swift in Sources */,
				7451FDFD2F755D6800C72359 /* GameDetailView.swift in Sources */,
				7451FDFE2F755D6800C72359 /* GamesView.swift in Sources */,
				7451FDFF2F755D6800C72359 /* OnboardingView.swift in Sources */,
				7451FE002F755D6800C72359 /* SettingsView.swift in Sources */,
				7451FE012F755D6800C72359 /* StatsView.swift in Sources */,
				7451FE022F755D6800C72359 /* TemplatesView.swift in Sources */,
				7451FE032F755D6800C72359 /* AppDelegate.swift in Sources */,
				7451FE042F755D6800C72359 /* ContentView.swift in Sources */,
				7451FE052F755D6800C72359 /* RootView.swift in Sources */,
				7451FE062F755D6800C72359 /* SceneDelegate.swift in Sources */,
				7451FE072F755D6800C72359 /* ViewController.swift in Sources */,
			);
			runOnlyForDeploymentPostprocessing = 0;
		};
/* End PBXSourcesBuildPhase section */

/* Begin PBXVariantGroup section */
		7451FDE02F755D6800C72359 /* LaunchScreen.storyboard */ = {
			isa = PBXVariantGroup;
			children = (
				7451FDDF2F755D6800C72359 /* Base */,
			);
			name = LaunchScreen.storyboard;
			sourceTree = "<group>";
		};
		7451FDE22F755D6800C72359 /* Main.storyboard */ = {
			isa = PBXVariantGroup;
			children = (
				7451FDE12F755D6800C72359 /* Base */,
			);
			name = Main.storyboard;
			sourceTree = "<group>";
		};
/* End PBXVariantGroup section */

/* Begin XCBuildConfiguration section */
		744D9FB52F52F2B9002D4719 /* Debug */ = {
			isa = XCBuildConfiguration;
			baseConfigurationReference = 70999BB5A9BD152837DBE0CB /* Pods-97RaidAlert.debug.xcconfig */;
			buildSettings = {
				ASSETCATALOG_COMPILER_APPICON_NAME = AppIcon;
				ASSETCATALOG_COMPILER_GLOBAL_ACCENT_COLOR_NAME = AccentColor;
				CODE_SIGN_STYLE = Automatic;
				CURRENT_PROJECT_VERSION = 1;
				GENERATE_INFOPLIST_FILE = YES;
				INFOPLIST_FILE = 97RaidAlert/Info.plist;
				INFOPLIST_KEY_CFBundleDisplayName = "Alert+Raid";
				INFOPLIST_KEY_UIApplicationSupportsIndirectInputEvents = YES;
				INFOPLIST_KEY_UILaunchStoryboardName = LaunchScreen;
				INFOPLIST_KEY_UIMainStoryboardFile = Main;
				INFOPLIST_KEY_UISupportedInterfaceOrientations = UIInterfaceOrientationPortrait;
				INFOPLIST_KEY_UISupportedInterfaceOrientations_iPad = "UIInterfaceOrientationLandscapeLeft UIInterfaceOrientationLandscapeRight UIInterfaceOrientationPortrait UIInterfaceOrientationPortraitUpsideDown";
				IPHONEOS_DEPLOYMENT_TARGET = 17;
				LD_RUNPATH_SEARCH_PATHS = (
					"$(inherited)",
					"@executable_path/Frameworks",
				);
				MARKETING_VERSION = 1.0;
				PRODUCT_BUNDLE_IDENTIFIER = com.tuy.8l3rtr93d;
				PRODUCT_NAME = "$(TARGET_NAME)";
				STRING_CATALOG_GENERATE_SYMBOLS = YES;
				SUPPORTED_PLATFORMS = "iphoneos iphonesimulator";
				SUPPORTS_MACCATALYST = NO;
				SUPPORTS_MAC_DESIGNED_FOR_IPHONE_IPAD = NO;
				SUPPORTS_XR_DESIGNED_FOR_IPHONE_IPAD = NO;
				SWIFT_APPROACHABLE_CONCURRENCY = YES;
				SWIFT_DEFAULT_ACTOR_ISOLATION = MainActor;
				SWIFT_EMIT_LOC_STRINGS = YES;
				SWIFT_UPCOMING_FEATURE_MEMBER_IMPORT_VISIBILITY = YES;
				SWIFT_VERSION = 5.0;
				TARGETED_DEVICE_FAMILY = 1;
			};
			name = Debug;
		};
		744D9FB62F52F2B9002D4719 /* Release */ = {
			isa = XCBuildConfiguration;
			baseConfigurationReference = 14DDB22C6C68B2F2BA73F3D9 /* Pods-97RaidAlert.release.xcconfig */;
			buildSettings = {
				ASSETCATALOG_COMPILER_APPICON_NAME = AppIcon;
				ASSETCATALOG_COMPILER_GLOBAL_ACCENT_COLOR_NAME = AccentColor;
				CODE_SIGN_STYLE = Automatic;
				CURRENT_PROJECT_VERSION = 1;
				GENERATE_INFOPLIST_FILE = YES;
				INFOPLIST_FILE = 97RaidAlert/Info.plist;
				INFOPLIST_KEY_CFBundleDisplayName = "Alert+Raid";
				INFOPLIST_KEY_UIApplicationSupportsIndirectInputEvents = YES;
				INFOPLIST_KEY_UILaunchStoryboardName = LaunchScreen;
				INFOPLIST_KEY_UIMainStoryboardFile = Main;
				INFOPLIST_KEY_UISupportedInterfaceOrientations = UIInterfaceOrientationPortrait;
				INFOPLIST_KEY_UISupportedInterfaceOrientations_iPad = "UIInterfaceOrientationLandscapeLeft UIInterfaceOrientationLandscapeRight UIInterfaceOrientationPortrait UIInterfaceOrientationPortraitUpsideDown";
				IPHONEOS_DEPLOYMENT_TARGET = 17;
				LD_RUNPATH_SEARCH_PATHS = (
					"$(inherited)",
					"@executable_path/Frameworks",
				);
				MARKETING_VERSION = 1.0;
				PRODUCT_BUNDLE_IDENTIFIER = com.tuy.8l3rtr93d;
				PRODUCT_NAME = "$(TARGET_NAME)";
				STRING_CATALOG_GENERATE_SYMBOLS = YES;
				SUPPORTED_PLATFORMS = "iphoneos iphonesimulator";
				SUPPORTS_MACCATALYST = NO;
				SUPPORTS_MAC_DESIGNED_FOR_IPHONE_IPAD = NO;
				SUPPORTS_XR_DESIGNED_FOR_IPHONE_IPAD = NO;
				SWIFT_APPROACHABLE_CONCURRENCY = YES;
				SWIFT_DEFAULT_ACTOR_ISOLATION = MainActor;
				SWIFT_EMIT_LOC_STRINGS = YES;
				SWIFT_UPCOMING_FEATURE_MEMBER_IMPORT_VISIBILITY = YES;
				SWIFT_VERSION = 5.0;
				TARGETED_DEVICE_FAMILY = 1;
			};
			name = Release;
		};
		744D9FB72F52F2B9002D4719 /* Debug */ = {
			isa = XCBuildConfiguration;
			buildSettings = {
				ALWAYS_SEARCH_USER_PATHS = NO;
				ASSETCATALOG_COMPILER_GENERATE_SWIFT_ASSET_SYMBOL_EXTENSIONS = YES;
				CLANG_ANALYZER_NONNULL = YES;
				CLANG_ANALYZER_NUMBER_OBJECT_CONVERSION = YES_AGGRESSIVE;
				CLANG_CXX_LANGUAGE_STANDARD = "gnu++20";
				CLANG_ENABLE_MODULES = YES;
				CLANG_ENABLE_OBJC_ARC = YES;
				CLANG_ENABLE_OBJC_WEAK = YES;
				CLANG_WARN_BLOCK_CAPTURE_AUTORELEASING = YES;
				CLANG_WARN_BOOL_CONVERSION = YES;
				CLANG_WARN_COMMA = YES;
				CLANG_WARN_CONSTANT_CONVERSION = YES;
				CLANG_WARN_DEPRECATED_OBJC_IMPLEMENTATIONS = YES;
				CLANG_WARN_DIRECT_OBJC_ISA_USAGE = YES_ERROR;
				CLANG_WARN_DOCUMENTATION_COMMENTS = YES;
				CLANG_WARN_EMPTY_BODY = YES;
				CLANG_WARN_ENUM_CONVERSION = YES;
				CLANG_WARN_INFINITE_RECURSION = YES;
				CLANG_WARN_INT_CONVERSION = YES;
				CLANG_WARN_NON_LITERAL_NULL_CONVERSION = YES;
				CLANG_WARN_OBJC_IMPLICIT_RETAIN_SELF = YES;
				CLANG_WARN_OBJC_LITERAL_CONVERSION = YES;
				CLANG_WARN_OBJC_ROOT_CLASS = YES_ERROR;
				CLANG_WARN_QUOTED_INCLUDE_IN_FRAMEWORK_HEADER = YES;
				CLANG_WARN_RANGE_LOOP_ANALYSIS = YES;
				CLANG_WARN_STRICT_PROTOTYPES = YES;
				CLANG_WARN_SUSPICIOUS_MOVE = YES;
				CLANG_WARN_UNGUARDED_AVAILABILITY = YES_AGGRESSIVE;
				CLANG_WARN_UNREACHABLE_CODE = YES;
				CLANG_WARN__DUPLICATE_METHOD_MATCH = YES;
				COPY_PHASE_STRIP = NO;
				DEBUG_INFORMATION_FORMAT = dwarf;
				ENABLE_STRICT_OBJC_MSGSEND = YES;
				ENABLE_TESTABILITY = YES;
				ENABLE_USER_SCRIPT_SANDBOXING = YES;
				GCC_C_LANGUAGE_STANDARD = gnu17;
				GCC_DYNAMIC_NO_PIC = NO;
				GCC_NO_COMMON_BLOCKS = YES;
				GCC_OPTIMIZATION_LEVEL = 0;
				GCC_PREPROCESSOR_DEFINITIONS = (
					"DEBUG=1",
					"$(inherited)",
				);
				GCC_WARN_64_TO_32_BIT_CONVERSION = YES;
				GCC_WARN_ABOUT_RETURN_TYPE = YES_ERROR;
				GCC_WARN_UNDECLARED_SELECTOR = YES;
				GCC_WARN_UNINITIALIZED_AUTOS = YES_AGGRESSIVE;
				GCC_WARN_UNUSED_FUNCTION = YES;
				GCC_WARN_UNUSED_VARIABLE = YES;
				IPHONEOS_DEPLOYMENT_TARGET = 26.2;
				LOCALIZATION_PREFERS_STRING_CATALOGS = YES;
				MTL_ENABLE_DEBUG_INFO = INCLUDE_SOURCE;
				MTL_FAST_MATH = YES;
				ONLY_ACTIVE_ARCH = YES;
				SDKROOT = iphoneos;
				SWIFT_ACTIVE_COMPILATION_CONDITIONS = "DEBUG $(inherited)";
				SWIFT_OPTIMIZATION_LEVEL = "-Onone";
			};
			name = Debug;
		};
		744D9FB82F52F2B9002D4719 /* Release */ = {
			isa = XCBuildConfiguration;
			buildSettings = {
				ALWAYS_SEARCH_USER_PATHS = NO;
				ASSETCATALOG_COMPILER_GENERATE_SWIFT_ASSET_SYMBOL_EXTENSIONS = YES;
				CLANG_ANALYZER_NONNULL = YES;
				CLANG_ANALYZER_NUMBER_OBJECT_CONVERSION = YES_AGGRESSIVE;
				CLANG_CXX_LANGUAGE_STANDARD = "gnu++20";
				CLANG_ENABLE_MODULES = YES;
				CLANG_ENABLE_OBJC_ARC = YES;
				CLANG_ENABLE_OBJC_WEAK = YES;
				CLANG_WARN_BLOCK_CAPTURE_AUTORELEASING = YES;
				CLANG_WARN_BOOL_CONVERSION = YES;
				CLANG_WARN_COMMA = YES;
				CLANG_WARN_CONSTANT_CONVERSION = YES;
				CLANG_WARN_DEPRECATED_OBJC_IMPLEMENTATIONS = YES;
				CLANG_WARN_DIRECT_OBJC_ISA_USAGE = YES_ERROR;
				CLANG_WARN_DOCUMENTATION_COMMENTS = YES;
				CLANG_WARN_EMPTY_BODY = YES;
				CLANG_WARN_ENUM_CONVERSION = YES;
				CLANG_WARN_INFINITE_RECURSION = YES;
				CLANG_WARN_INT_CONVERSION = YES;
				CLANG_WARN_NON_LITERAL_NULL_CONVERSION = YES;
				CLANG_WARN_OBJC_IMPLICIT_RETAIN_SELF = YES;
				CLANG_WARN_OBJC_LITERAL_CONVERSION = YES;
				CLANG_WARN_OBJC_ROOT_CLASS = YES_ERROR;
				CLANG_WARN_QUOTED_INCLUDE_IN_FRAMEWORK_HEADER = YES;
				CLANG_WARN_RANGE_LOOP_ANALYSIS = YES;
				CLANG_WARN_STRICT_PROTOTYPES = YES;
				CLANG_WARN_SUSPICIOUS_MOVE = YES;
				CLANG_WARN_UNGUARDED_AVAILABILITY = YES_AGGRESSIVE;
				CLANG_WARN_UNREACHABLE_CODE = YES;
				CLANG_WARN__DUPLICATE_METHOD_MATCH = YES;
				COPY_PHASE_STRIP = NO;
				DEBUG_INFORMATION_FORMAT = "dwarf-with-dsym";
				ENABLE_NS_ASSERTIONS = NO;
				ENABLE_STRICT_OBJC_MSGSEND = YES;
				ENABLE_USER_SCRIPT_SANDBOXING = YES;
				GCC_C_LANGUAGE_STANDARD = gnu17;
				GCC_NO_COMMON_BLOCKS = YES;
				GCC_WARN_64_TO_32_BIT_CONVERSION = YES;
				GCC_WARN_ABOUT_RETURN_TYPE = YES_ERROR;
				GCC_WARN_UNDECLARED_SELECTOR = YES;
				GCC_WARN_UNINITIALIZED_AUTOS = YES_AGGRESSIVE;
				GCC_WARN_UNUSED_FUNCTION = YES;
				GCC_WARN_UNUSED_VARIABLE = YES;
				IPHONEOS_DEPLOYMENT_TARGET = 26.2;
				LOCALIZATION_PREFERS_STRING_CATALOGS = YES;
				MTL_ENABLE_DEBUG_INFO = NO;
				MTL_FAST_MATH = YES;
				SDKROOT = iphoneos;
				SWIFT_COMPILATION_MODE = wholemodule;
				VALIDATE_PRODUCT = YES;
			};
			name = Release;
		};
/* End XCBuildConfiguration section */

/* Begin XCConfigurationList section */
		744D9F9C2F52F2B7002D4719 /* Build configuration list for PBXProject "97RaidAlert" */ = {
			isa = XCConfigurationList;
			buildConfigurations = (
				744D9FB72F52F2B9002D4719 /* Debug */,
				744D9FB82F52F2B9002D4719 /* Release */,
			);
			defaultConfigurationIsVisible = 0;
			defaultConfigurationName = Release;
		};
		744D9FB42F52F2B9002D4719 /* Build configuration list for PBXNativeTarget "97RaidAlert" */ = {
			isa = XCConfigurationList;
			buildConfigurations = (
				744D9FB52F52F2B9002D4719 /* Debug */,
				744D9FB62F52F2B9002D4719 /* Release */,
			);
			defaultConfigurationIsVisible = 0;
			defaultConfigurationName = Release;
		};
/* End XCConfigurationList section */
	};
	rootObject = 744D9F992F52F2B7002D4719 /* Project object */;
}
